
Microsoft Visual Studio Solution File, Format Version 12.00
# Visual Studio Version 16
VisualStudioVersion = 16.0.30011.22
MinimumVisualStudioVersion = 10.0.40219.1
Project("{FAE04EC0-301F-11D3-BF4B-00C04F79EFBC}") = "patern3", "patern3\patern3.csproj", "{D82A3EB5-B9AE-4C64-A048-45128221318C}"
EndProject
Global
	GlobalSection(SolutionConfigurationPlatforms) = preSolution
		Debug|Any CPU = Debug|Any CPU
		Release|Any CPU = Release|Any CPU
	EndGlobalSection
	GlobalSection(ProjectConfigurationPlatforms) = postSolution
		{D82A3EB5-B9AE-4C64-A048-45128221318C}.Debug|Any CPU.ActiveCfg = Debug|Any CPU
		{D82A3EB5-B9AE-4C64-A048-45128221318C}.Debug|Any CPU.Build.0 = Debug|Any CPU
		{D82A3EB5-B9AE-4C64-A048-45128221318C}.Release|Any CPU.ActiveCfg = Release|Any CPU
		{D82A3EB5-B9AE-4C64-A048-45128221318C}.Release|Any CPU.Build.0 = Release|Any CPU
	EndGlobalSection
	GlobalSection(SolutionProperties) = preSolution
		HideSolutionNode = FALSE
	EndGlobalSection
	GlobalSection(ExtensibilityGlobals) = postSolution
		SolutionGuid = {078A7BFA-EE0E-4F6A-A1ED-090DCB11E6BB}
	EndGlobalSection
EndGlobal
