
Microsoft Visual Studio Solution File, Format Version 12.00
# Visual Studio Version 16
VisualStudioVersion = 16.0.30011.22
MinimumVisualStudioVersion = 10.0.40219.1
Project("{FAE04EC0-301F-11D3-BF4B-00C04F79EFBC}") = "Observer", "Observer\Observer.csproj", "{BA148357-137A-48CB-B282-9F2B8A95FBD0}"
EndProject
Global
	GlobalSection(SolutionConfigurationPlatforms) = preSolution
		Debug|Any CPU = Debug|Any CPU
		Release|Any CPU = Release|Any CPU
	EndGlobalSection
	GlobalSection(ProjectConfigurationPlatforms) = postSolution
		{BA148357-137A-48CB-B282-9F2B8A95FBD0}.Debug|Any CPU.ActiveCfg = Debug|Any CPU
		{BA148357-137A-48CB-B282-9F2B8A95FBD0}.Debug|Any CPU.Build.0 = Debug|Any CPU
		{BA148357-137A-48CB-B282-9F2B8A95FBD0}.Release|Any CPU.ActiveCfg = Release|Any CPU
		{BA148357-137A-48CB-B282-9F2B8A95FBD0}.Release|Any CPU.Build.0 = Release|Any CPU
	EndGlobalSection
	GlobalSection(SolutionProperties) = preSolution
		HideSolutionNode = FALSE
	EndGlobalSection
	GlobalSection(ExtensibilityGlobals) = postSolution
		SolutionGuid = {1A9A609F-CB62-433A-91F3-AEB398CC6DBE}
	EndGlobalSection
EndGlobal
